
Microsoft Visual Studio Solution File, Format Version 12.00
# Visual Studio Version 16
VisualStudioVersion = 16.0.28803.352
MinimumVisualStudioVersion = 10.0.40219.1
Project("{FAE04EC0-301F-11D3-BF4B-00C04F79EFBC}") = "Data", "Data\Data.csproj", "{008571F3-4030-4D06-BD7C-C0F75C2D8AA2}"
EndProject
Project("{FAE04EC0-301F-11D3-BF4B-00C04F79EFBC}") = "Domain", "Domain\Domain.csproj", "{854A2A98-3164-4EF1-83C7-1651F080F519}"
EndProject
Project("{FAE04EC0-301F-11D3-BF4B-00C04F79EFBC}") = "WebApplication", "WebApplication\WebApplication.csproj", "{93A2E445-4D89-46DF-9BC7-8605214BEFDF}"
EndProject
Global
	GlobalSection(SolutionConfigurationPlatforms) = preSolution
		Debug|Any CPU = Debug|Any CPU
		Release|Any CPU = Release|Any CPU
	EndGlobalSection
	GlobalSection(ProjectConfigurationPlatforms) = postSolution
		{008571F3-4030-4D06-BD7C-C0F75C2D8AA2}.Debug|Any CPU.ActiveCfg = Debug|Any CPU
		{008571F3-4030-4D06-BD7C-C0F75C2D8AA2}.Debug|Any CPU.Build.0 = Debug|Any CPU
		{008571F3-4030-4D06-BD7C-C0F75C2D8AA2}.Release|Any CPU.ActiveCfg = Release|Any CPU
		{008571F3-4030-4D06-BD7C-C0F75C2D8AA2}.Release|Any CPU.Build.0 = Release|Any CPU
		{854A2A98-3164-4EF1-83C7-1651F080F519}.Debug|Any CPU.ActiveCfg = Debug|Any CPU
		{854A2A98-3164-4EF1-83C7-1651F080F519}.Debug|Any CPU.Build.0 = Debug|Any CPU
		{854A2A98-3164-4EF1-83C7-1651F080F519}.Release|Any CPU.ActiveCfg = Release|Any CPU
		{854A2A98-3164-4EF1-83C7-1651F080F519}.Release|Any CPU.Build.0 = Release|Any CPU
		{93A2E445-4D89-46DF-9BC7-8605214BEFDF}.Debug|Any CPU.ActiveCfg = Debug|Any CPU
		{93A2E445-4D89-46DF-9BC7-8605214BEFDF}.Debug|Any CPU.Build.0 = Debug|Any CPU
		{93A2E445-4D89-46DF-9BC7-8605214BEFDF}.Release|Any CPU.ActiveCfg = Release|Any CPU
		{93A2E445-4D89-46DF-9BC7-8605214BEFDF}.Release|Any CPU.Build.0 = Release|Any CPU
	EndGlobalSection
	GlobalSection(SolutionProperties) = preSolution
		HideSolutionNode = FALSE
	EndGlobalSection
	GlobalSection(ExtensibilityGlobals) = postSolution
		SolutionGuid = {32D589BC-AE77-453B-988E-4E7A7F1084F9}
	EndGlobalSection
EndGlobal
